github.com/360EntSecGroup-Skylar/excelize v1.4.1/go.mod h1:vnax29X2usfl7HHkBrX5EvSCJcmH3dT9luvxzu8iGAE=
github.com/360EntSecGroup-Skylar/excelize/v2 v2.0.2/go.mod h1:EfRHD2k+Kd7ijnqlwOrH1IifwgWB9yYJ0pdXtBZmlpU=
github.com/FZambia/sentinel v1.0.0 h1:KJ0ryjKTZk5WMp0dXvSdNqp3lFaW1fNFuEYfrkLOYIc=
github.com/FZambia/sentinel v1.0.0/go.mod h1:ytL1Am/RLlAoAXG6Kj5LNuw/TRRQrv2rt2FT26vP5gI=
github.com/davecgh/go-spew v1.1.0/go.mod h1:J7Y8YcW2NihsgmVo/mv3lAwl/skON4iLHjSsI+c5H38=
github.com/davecgh/go-spew v1.1.1/go.mod h1:J7Y8YcW2NihsgmVo/mv3lAwl/skON4iLHjSsI+c5H38=
github.com/go-sql-driver/mysql v1.4.1 h1:g24URVg0OFbNUTx9qqY1IRZ9D9z3iPyi5zKhQZpNwpA=
github.com/go-sql-driver/mysql v1.4.1/go.mod h1:zAC/RDZ24gD3HViQzih4MyKcchzm+sOG5ZlKdlhCg5w=
github.com/gomodule/redigo v2.0.0+incompatible h1:K/R+8tc58AaqLkqG2Ol3Qk+DR/TlNuhuh457pBFPtt0=
github.com/gomodule/redigo v2.0.0+incompatible/go.mod h1:B4C85qUVwatsJoIUNIfCRsp7qO0iAmpGFZ4EELWSbC4=
github.com/lib/pq v1.3.0 h1:/qkRGz8zljWiDcFvgpwUpwIAPu3r07TDvs3Rws+o/pU=
github.com/lib/pq v1.3.0/go.mod h1:5WUZQaWbwv1U+lTReE5YruASi9Al49XbQIvNi/34Woo=
github.com/mohae/deepcopy v0.0.0-20170929034955-c48cc78d4826/go.mod h1:TaXosZuwdSHYgviHp1DAtfrULt5eUgsSMsZf+YrPgl8=
github.com/pmezard/go-difflib v1.0.0/go.mod h1:iKH77koFhYxTK1pcRnkKkqfTogsbg7gZNVY4sRDYZ/4=
github.com/smartwalle/dbc v0.0.7 h1:I6IIkpf+6Vz/qVPIsDbKyZ3WA133UYh2ZiBgB5WNs9g=
github.com/smartwalle/dbc v0.0.7/go.mod h1:FsEIfjcUm3kf6iA38BaURPiChhMp5W6+8lJTI1krY0U=
github.com/smartwalle/dbr v1.0.5 h1:gnI9tzdobWhPdMcyfW+KhTZV2npd9wQfGQFqSkqhCU8=
github.com/smartwalle/dbr v1.0.5/go.mod h1:prMu7JHRFwJRYwtqOKNgy//2uH2/X3rGBc72Fk8O6Ho=
github.com/smartwalle/dbs v1.1.4 h1:2UzDWAYQa5ext34n6tPZgFfMHmlLDwQHrql1+RYIro0=
github.com/smartwalle/dbs v1.1.4/go.mod h1:xyi9/eSQUcRF55Se7y59izm/r1zpAUXYzJkrYEg0p8w=
github.com/smartwalle/dbs v1.1.5 h1:QMlcPZQtgJti+KbZqaLCa+Uk16nuQC+CZoKqljcFvcI=
github.com/smartwalle/dbs v1.1.5/go.mod h1:xyi9/eSQUcRF55Se7y59izm/r1zpAUXYzJkrYEg0p8w=
github.com/smartwalle/dbs v1.1.7 h1:vSnckcUgpblVYh1e58mUxawJ1O/pPrUqB2trI6wYFEU=
github.com/smartwalle/dbs v1.1.7/go.mod h1:fikIQHOpcKvdS2mzQPsA1wHVP0LXuVz8/0kxAlimQPU=
github.com/smartwalle/xid v1.0.2 h1:53iaIWC10sz/7K63z61gdSAsJU3pyl0N/NyhuydWrc8=
github.com/smartwalle/xid v1.0.2/go.mod h1:zUe+B9M8IClU9Jj0HoZATmaX14TkP2L7L3ogF+UlhWk=
github.com/stretchr/objx v0.1.0/go.mod h1:HFkY916IF+rwdDfMAkV7OtwuqBVzrE8GR6GFx+wExME=
github.com/stretchr/testify v1.2.3-0.20181224173747-660f15d67dbb/go.mod h1:a8OnRcib4nhh0OaRAV+Yts87kKdq0PP7pXfy6kDkUVs=
github.com/stretchr/testify v1.3.0/go.mod h1:M5WIy9Dh21IEIfnGCwXGc5bZfKNJtfHm1UVUgZn+9EI=
golang.org/x/image v0.0.0-20190910094157-69e4b8554b2a/go.mod h1:FeLwcggjj3mMvU+oOTbSwawSJRM1uh48EjtB4UJZlP0=
golang.org/x/text v0.3.0/go.mod h1:NqM8EUOU14njkJ3fqMW+pc6Ldnwhi/IjpwHt7yyuwOQ=
