github.com/FZambia/sentinel v1.0.0/go.mod h1:ytL1Am/RLlAoAXG6Kj5LNuw/TRRQrv2rt2FT26vP5gI=
github.com/gomodule/redigo v2.0.0+incompatible/go.mod h1:B4C85qUVwatsJoIUNIfCRsp7qO0iAmpGFZ4EELWSbC4=
github.com/smartwalle/dbc v0.0.7 h1:I6IIkpf+6Vz/qVPIsDbKyZ3WA133UYh2ZiBgB5WNs9g=
github.com/smartwalle/dbc v0.0.7/go.mod h1:FsEIfjcUm3kf6iA38BaURPiChhMp5W6+8lJTI1krY0U=
github.com/smartwalle/dbr v1.0.5/go.mod h1:prMu7JHRFwJRYwtqOKNgy//2uH2/X3rGBc72Fk8O6Ho=
github.com/smartwalle/dbs v1.1.7 h1:vSnckcUgpblVYh1e58mUxawJ1O/pPrUqB2trI6wYFEU=
github.com/smartwalle/dbs v1.1.7/go.mod h1:fikIQHOpcKvdS2mzQPsA1wHVP0LXuVz8/0kxAlimQPU=
github.com/smartwalle/xid v1.0.2 h1:53iaIWC10sz/7K63z61gdSAsJU3pyl0N/NyhuydWrc8=
github.com/smartwalle/xid v1.0.2/go.mod h1:zUe+B9M8IClU9Jj0HoZATmaX14TkP2L7L3ogF+UlhWk=
